
Microsoft Visual Studio Solution File, Format Version 12.00
# Visual Studio Version 16
VisualStudioVersion = 16.0.29911.84
MinimumVisualStudioVersion = 10.0.40219.1
Project("{FAE04EC0-301F-11D3-BF4B-00C04F79EFBC}") = "todo-2-gh-issue", "todo-2-gh-issue.csproj", "{BC95F977-AE2B-43D3-9E71-959453ECEBD3}"
EndProject
Global
	GlobalSection(SolutionConfigurationPlatforms) = preSolution
		Debug|Any CPU = Debug|Any CPU
		Release|Any CPU = Release|Any CPU
	EndGlobalSection
	GlobalSection(ProjectConfigurationPlatforms) = postSolution
		{BC95F977-AE2B-43D3-9E71-959453ECEBD3}.Debug|Any CPU.ActiveCfg = Debug|Any CPU
		{BC95F977-AE2B-43D3-9E71-959453ECEBD3}.Debug|Any CPU.Build.0 = Debug|Any CPU
		{BC95F977-AE2B-43D3-9E71-959453ECEBD3}.Release|Any CPU.ActiveCfg = Release|Any CPU
		{BC95F977-AE2B-43D3-9E71-959453ECEBD3}.Release|Any CPU.Build.0 = Release|Any CPU
	EndGlobalSection
	GlobalSection(SolutionProperties) = preSolution
		HideSolutionNode = FALSE
	EndGlobalSection
	GlobalSection(ExtensibilityGlobals) = postSolution
		SolutionGuid = {D1EDFB85-3620-499D-8845-6453384E698E}
	EndGlobalSection
EndGlobal
